// !$*UTF8*$!
{
	archiveVersion = 1;
	classes = {
	};
	objectVersion = 46;
	objects = {

/* Begin PBXBuildFile section */
		1306FF0A1EF31F58001A2128 /* AppDelegate.swift in Sources */ = {isa = PBXBuildFile; fileRef = 1306FF091EF31F58001A2128 /* AppDelegate.swift */; };
		1306FF0C1EF31F58001A2128 /* ViewController.swift in Sources */ = {isa = PBXBuildFile; fileRef = 1306FF0B1EF31F58001A2128 /* ViewController.swift */; };
		1306FF0F1EF31F58001A2128 /* Main.storyboard in Resources */ = {isa = PBXBuildFile; fileRef = 1306FF0D1EF31F58001A2128 /* Main.storyboard */; };
		1306FF111EF31F58001A2128 /* Assets.xcassets in Resources */ = {isa = PBXBuildFile; fileRef = 1306FF101EF31F58001A2128 /* Assets.xcassets */; };
		1306FF141EF31F58001A2128 /* LaunchScreen.storyboard in Resources */ = {isa = PBXBuildFile; fileRef = 1306FF121EF31F58001A2128 /* LaunchScreen.storyboard */; };
		1306FF211EF32833001A2128 /* Material.framework in Frameworks */ = {isa = PBXBuildFile; fileRef = 1306FF201EF32833001A2128 /* Material.framework */; };
		1306FF221EF32833001A2128 /* Material.framework in Embed Frameworks */ = {isa = PBXBuildFile; fileRef = 1306FF201EF32833001A2128 /* Material.framework */; settings = {ATTRIBUTES = (CodeSignOnCopy, RemoveHeadersOnCopy, ); }; };
/* End PBXBuildFile section */

/* Begin PBXCopyFilesBuildPhase section */
		1306FF231EF32833001A2128 /* Embed Frameworks */ = {
			isa = PBXCopyFilesBuildPhase;
			buildActionMask = 2147483647;
			dstPath = "";
			dstSubfolderSpec = 10;
			files = (
				1306FF221EF32833001A2128 /* Material.framework in Embed Frameworks */,
			);
			name = "Embed Frameworks";
			runOnlyForDeploymentPostprocessing = 0;
		};
/* End PBXCopyFilesBuildPhase section */

/* Begin PBXFileReference section */
		1306FF061EF31F58001A2128 /* busRideSimulator.app */ = {isa = PBXFileReference; explicitFileType = wrapper.application; includeInIndex = 0; path = busRideSimulator.app; sourceTree = BUILT_PRODUCTS_DIR; };
		1306FF091EF31F58001A2128 /* AppDelegate.swift */ = {isa = PBXFileReference; lastKnownFileType = sourcecode.swift; path = AppDelegate.swift; sourceTree = "<group>"; };
		1306FF0B1EF31F58001A2128 /* ViewController.swift */ = {isa = PBXFileReference; lastKnownFileType = sourcecode.swift; path = ViewController.swift; sourceTree = "<group>"; };
		1306FF0E1EF31F58001A2128 /* Base */ = {isa = PBXFileReference; lastKnownFileType = file.storyboard; name = Base; path = Base.lproj/Main.storyboard; sourceTree = "<group>"; };
		1306FF101EF31F58001A2128 /* Assets.xcassets */ = {isa = PBXFileReference; lastKnownFileType = folder.assetcatalog; path = Assets.xcassets; sourceTree = "<group>"; };
		1306FF131EF31F58001A2128 /* Base */ = {isa = PBXFileReference; lastKnownFileType = file.storyboard; name = Base; path = Base.lproj/LaunchScreen.storyboard; sourceTree = "<group>"; };
		1306FF151EF31F58001A2128 /* Info.plist */ = {isa = PBXFileReference; lastKnownFileType = text.plist.xml; path = Info.plist; sourceTree = "<group>"; };
		1306FF201EF32833001A2128 /* Material.framework */ = {isa = PBXFileReference; lastKnownFileType = wrapper.framework; name = Material.framework; path = Carthage/Build/iOS/Material.framework; sourceTree = "<group>"; };
/* End PBXFileReference section */

/* Begin PBXFrameworksBuildPhase section */
		1306FF031EF31F58001A2128 /* Frameworks */ = {
			isa = PBXFrameworksBuildPhase;
			buildActionMask = 2147483647;
			files = (
				1306FF211EF32833001A2128 /* Material.framework in Frameworks */,
			);
			runOnlyForDeploymentPostprocessing = 0;
		};
/* End PBXFrameworksBuildPhase section */

/* Begin PBXGroup section */
		1306FEFD1EF31F58001A2128 = {
			isa = PBXGroup;
			children = (
				1306FF201EF32833001A2128 /* Material.framework */,
				1306FF081EF31F58001A2128 /* busRideSimulator */,
				1306FF071EF31F58001A2128 /* Products */,
			);
			sourceTree = "<group>";
		};
		1306FF071EF31F58001A2128 /* Products */ = {
			isa = PBXGroup;
			children = (
				1306FF061EF31F58001A2128 /* busRideSimulator.app */,
			);
			name = Products;
			sourceTree = "<group>";
		};
		1306FF081EF31F58001A2128 /* busRideSimulator */ = {
			isa = PBXGroup;
			children = (
				1306FF091EF31F58001A2128 /* AppDelegate.swift */,
				1306FF0B1EF31F58001A2128 /* ViewController.swift */,
				1306FF0D1EF31F58001A2128 /* Main.storyboard */,
				1306FF101EF31F58001A2128 /* Assets.xcassets */,
				1306FF121EF31F58001A2128 /* LaunchScreen.storyboard */,
				1306FF151EF31F58001A2128 /* Info.plist */,
			);
			path = busRideSimulator;
			sourceTree = "<group>";
		};
/* End PBXGroup section */

/* Begin PBXNativeTarget section */
		1306FF051EF31F58001A2128 /* busRideSimulator */ = {
			isa = PBXNativeTarget;
			buildConfigurationList = 1306FF181EF31F58001A2128 /* Build configuration list for PBXNativeTarget "busRideSimulator" */;
			buildPhases = (
				1306FF021EF31F58001A2128 /* Sources */,
				1306FF031EF31F58001A2128 /* Frameworks */,
				1306FF041EF31F58001A2128 /* Resources */,
				1306FF1B1EF324BC001A2128 /* ShellScript */,
				1306FF231EF32833001A2128 /* Embed Frameworks */,
			);
			buildRules = (
			);
			dependencies = (
			);
			name = busRideSimulator;
			productName = busRideSimulator;
			productReference = 1306FF061EF31F58001A2128 /* busRideSimulator.app */;
			productType = "com.apple.product-type.application";
		};
/* End PBXNativeTarget section */

/* Begin PBXProject section */
		1306FEFE1EF31F58001A2128 /* Project object */ = {
			isa = PBXProject;
			attributes = {
				LastSwiftUpdateCheck = 0830;
				LastUpgradeCheck = 0830;
				ORGANIZATIONNAME = "Conner Clifton";
				TargetAttributes = {
					1306FF051EF31F58001A2128 = {
						CreatedOnToolsVersion = 8.3.2;
						ProvisioningStyle = Automatic;
					};
				};
			};
			buildConfigurationList = 1306FF011EF31F58001A2128 /* Build configuration list for PBXProject "busRideSimulator" */;
			compatibilityVersion = "Xcode 3.2";
			developmentRegion = English;
			hasScannedForEncodings = 0;
			knownRegions = (
				en,
				Base,
			);
			mainGroup = 1306FEFD1EF31F58001A2128;
			productRefGroup = 1306FF071EF31F58001A2128 /* Products */;
			projectDirPath = "";
			projectRoot = "";
			targets = (
				1306FF051EF31F58001A2128 /* busRideSimulator */,
			);
		};
/* End PBXProject section */

/* Begin PBXResourcesBuildPhase section */
		1306FF041EF31F58001A2128 /* Resources */ = {
			isa = PBXResourcesBuildPhase;
			buildActionMask = 2147483647;
			files = (
				1306FF141EF31F58001A2128 /* LaunchScreen.storyboard in Resources */,
				1306FF111EF31F58001A2128 /* Assets.xcassets in Resources */,
				1306FF0F1EF31F58001A2128 /* Main.storyboard in Resources */,
			);
			runOnlyForDeploymentPostprocessing = 0;
		};
/* End PBXResourcesBuildPhase section */

/* Begin PBXShellScriptBuildPhase section */
		1306FF1B1EF324BC001A2128 /* ShellScript */ = {
			isa = PBXShellScriptBuildPhase;
			buildActionMask = 2147483647;
			files = (
			);
			inputPaths = (
				"$(SRCROOT)/Carthage/Build/iOS/Material.framework",
			);
			outputPaths = (
			);
			runOnlyForDeploymentPostprocessing = 0;
			shellPath = /bin/sh;
			shellScript = "/usr/local/bin/carthage copy-frameworks";
		};
/* End PBXShellScriptBuildPhase section */

/* Begin PBXSourcesBuildPhase section */
		1306FF021EF31F58001A2128 /* Sources */ = {
			isa = PBXSourcesBuildPhase;
			buildActionMask = 2147483647;
			files = (
				1306FF0C1EF31F58001A2128 /* ViewController.swift in Sources */,
				1306FF0A1EF31F58001A2128 /* AppDelegate.swift in Sources */,
			);
			runOnlyForDeploymentPostprocessing = 0;
		};
/* End PBXSourcesBuildPhase section */

/* Begin PBXVariantGroup section */
		1306FF0D1EF31F58001A2128 /* Main.storyboard */ = {
			isa = PBXVariantGroup;
			children = (
				1306FF0E1EF31F58001A2128 /* Base */,
			);
			name = Main.storyboard;
			sourceTree = "<group>";
		};
		1306FF121EF31F58001A2128 /* LaunchScreen.storyboard */ = {
			isa = PBXVariantGroup;
			children = (
				1306FF131EF31F58001A2128 /* Base */,
			);
			name = LaunchScreen.storyboard;
			sourceTree = "<group>";
		};
/* End PBXVariantGroup section */

/* Begin XCBuildConfiguration section */
		1306FF161EF31F58001A2128 /* Debug */ = {
			isa = XCBuildConfiguration;
			buildSettings = {
				ALWAYS_SEARCH_USER_PATHS = NO;
				CLANG_ANALYZER_NONNULL = YES;
				CLANG_ANALYZER_NUMBER_OBJECT_CONVERSION = YES_AGGRESSIVE;
				CLANG_CXX_LANGUAGE_STANDARD = "gnu++0x";
				CLANG_CXX_LIBRARY = "libc++";
				CLANG_ENABLE_MODULES = YES;
				CLANG_ENABLE_OBJC_ARC = YES;
				CLANG_WARN_BOOL_CONVERSION = YES;
				CLANG_WARN_CONSTANT_CONVERSION = YES;
				CLANG_WARN_DIRECT_OBJC_ISA_USAGE = YES_ERROR;
				CLANG_WARN_DOCUMENTATION_COMMENTS = YES;
				CLANG_WARN_EMPTY_BODY = YES;
				CLANG_WARN_ENUM_CONVERSION = YES;
				CLANG_WARN_INFINITE_RECURSION = YES;
				CLANG_WARN_INT_CONVERSION = YES;
				CLANG_WARN_OBJC_ROOT_CLASS = YES_ERROR;
				CLANG_WARN_SUSPICIOUS_MOVE = YES;
				CLANG_WARN_UNREACHABLE_CODE = YES;
				CLANG_WARN__DUPLICATE_METHOD_MATCH = YES;
				"CODE_SIGN_IDENTITY[sdk=iphoneos*]" = "iPhone Developer";
				COPY_PHASE_STRIP = NO;
				DEBUG_INFORMATION_FORMAT = dwarf;
				ENABLE_STRICT_OBJC_MSGSEND = YES;
				ENABLE_TESTABILITY = YES;
				GCC_C_LANGUAGE_STANDARD = gnu99;
				GCC_DYNAMIC_NO_PIC = NO;
				GCC_NO_COMMON_BLOCKS = YES;
				GCC_OPTIMIZATION_LEVEL = 0;
				GCC_PREPROCESSOR_DEFINITIONS = (
					"DEBUG=1",
					"$(inherited)",
				);
				GCC_WARN_64_TO_32_BIT_CONVERSION = YES;
				GCC_WARN_ABOUT_RETURN_TYPE = YES_ERROR;
				GCC_WARN_UNDECLARED_SELECTOR = YES;
				GCC_WARN_UNINITIALIZED_AUTOS = YES_AGGRESSIVE;
				GCC_WARN_UNUSED_FUNCTION = YES;
				GCC_WARN_UNUSED_VARIABLE = YES;
				IPHONEOS_DEPLOYMENT_TARGET = 10.3;
				MTL_ENABLE_DEBUG_INFO = YES;
				ONLY_ACTIVE_ARCH = YES;
				SDKROOT = iphoneos;
				SWIFT_ACTIVE_COMPILATION_CONDITIONS = DEBUG;
				SWIFT_OPTIMIZATION_LEVEL = "-Onone";
				TARGETED_DEVICE_FAMILY = "1,2";
			};
			name = Debug;
		};
		1306FF171EF31F58001A2128 /* Release */ = {
			isa = XCBuildConfiguration;
			buildSettings = {
				ALWAYS_SEARCH_USER_PATHS = NO;
				CLANG_ANALYZER_NONNULL = YES;
				CLANG_ANALYZER_NUMBER_OBJECT_CONVERSION = YES_AGGRESSIVE;
				CLANG_CXX_LANGUAGE_STANDARD = "gnu++0x";
				CLANG_CXX_LIBRARY = "libc++";
				CLANG_ENABLE_MODULES = YES;
				CLANG_ENABLE_OBJC_ARC = YES;
				CLANG_WARN_BOOL_CONVERSION = YES;
				CLANG_WARN_CONSTANT_CONVERSION = YES;
				CLANG_WARN_DIRECT_OBJC_ISA_USAGE = YES_ERROR;
				CLANG_WARN_DOCUMENTATION_COMMENTS = YES;
				CLANG_WARN_EMPTY_BODY = YES;
				CLANG_WARN_ENUM_CONVERSION = YES;
				CLANG_WARN_INFINITE_RECURSION = YES;
				CLANG_WARN_INT_CONVERSION = YES;
				CLANG_WARN_OBJC_ROOT_CLASS = YES_ERROR;
				CLANG_WARN_SUSPICIOUS_MOVE = YES;
				CLANG_WARN_UNREACHABLE_CODE = YES;
				CLANG_WARN__DUPLICATE_METHOD_MATCH = YES;
				"CODE_SIGN_IDENTITY[sdk=iphoneos*]" = "iPhone Developer";
				COPY_PHASE_STRIP = NO;
				DEBUG_INFORMATION_FORMAT = "dwarf-with-dsym";
				ENABLE_NS_ASSERTIONS = NO;
				ENABLE_STRICT_OBJC_MSGSEND = YES;
				GCC_C_LANGUAGE_STANDARD = gnu99;
				GCC_NO_COMMON_BLOCKS = YES;
				GCC_WARN_64_TO_32_BIT_CONVERSION = YES;
				GCC_WARN_ABOUT_RETURN_TYPE = YES_ERROR;
				GCC_WARN_UNDECLARED_SELECTOR = YES;
				GCC_WARN_UNINITIALIZED_AUTOS = YES_AGGRESSIVE;
				GCC_WARN_UNUSED_FUNCTION = YES;
				GCC_WARN_UNUSED_VARIABLE = YES;
				IPHONEOS_DEPLOYMENT_TARGET = 10.3;
				MTL_ENABLE_DEBUG_INFO = NO;
				SDKROOT = iphoneos;
				SWIFT_OPTIMIZATION_LEVEL = "-Owholemodule";
				TARGETED_DEVICE_FAMILY = "1,2";
				VALIDATE_PRODUCT = YES;
			};
			name = Release;
		};
		1306FF191EF31F58001A2128 /* Debug */ = {
			isa = XCBuildConfiguration;
			buildSettings = {
				ASSETCATALOG_COMPILER_APPICON_NAME = AppIcon;
				FRAMEWORK_SEARCH_PATHS = (
					"$(inherited)",
					"$(PROJECT_DIR)/Carthage/Build/iOS",
				);
				INFOPLIST_FILE = busRideSimulator/Info.plist;
				LD_RUNPATH_SEARCH_PATHS = "$(inherited) @executable_path/Frameworks";
				PRODUCT_BUNDLE_IDENTIFIER = com.ChaiOne.busRideSimulator;
				PRODUCT_NAME = "$(TARGET_NAME)";
				SWIFT_VERSION = 3.0;
			};
			name = Debug;
		};
		1306FF1A1EF31F58001A2128 /* Release */ = {
			isa = XCBuildConfiguration;
			buildSettings = {
				ASSETCATALOG_COMPILER_APPICON_NAME = AppIcon;
				FRAMEWORK_SEARCH_PATHS = (
					"$(inherited)",
					"$(PROJECT_DIR)/Carthage/Build/iOS",
				);
				INFOPLIST_FILE = busRideSimulator/Info.plist;
				LD_RUNPATH_SEARCH_PATHS = "$(inherited) @executable_path/Frameworks";
				PRODUCT_BUNDLE_IDENTIFIER = com.ChaiOne.busRideSimulator;
				PRODUCT_NAME = "$(TARGET_NAME)";
				SWIFT_VERSION = 3.0;
			};
			name = Release;
		};
/* End XCBuildConfiguration section */

/* Begin XCConfigurationList section */
		1306FF011EF31F58001A2128 /* Build configuration list for PBXProject "busRideSimulator" */ = {
			isa = XCConfigurationList;
			buildConfigurations = (
				1306FF161EF31F58001A2128 /* Debug */,
				1306FF171EF31F58001A2128 /* Release */,
			);
			defaultConfigurationIsVisible = 0;
			defaultConfigurationName = Release;
		};
		1306FF181EF31F58001A2128 /* Build configuration list for PBXNativeTarget "busRideSimulator" */ = {
			isa = XCConfigurationList;
			buildConfigurations = (
				1306FF191EF31F58001A2128 /* Debug */,
				1306FF1A1EF31F58001A2128 /* Release */,
			);
			defaultConfigurationIsVisible = 0;
		};
/* End XCConfigurationList section */
	};
	rootObject = 1306FEFE1EF31F58001A2128 /* Project object */;
}
